
Microsoft Visual Studio Solution File, Format Version 12.00
# Visual Studio Version 16
VisualStudioVersion = 16.0.31515.178
MinimumVisualStudioVersion = 10.0.40219.1
Project("{FAE04EC0-301F-11D3-BF4B-00C04F79EFBC}") = "DiagramaAsignadoEnClasePractica", "DiagramaAsignadoEnClasePractica\DiagramaAsignadoEnClasePractica.csproj", "{ED769A63-5BF3-493C-BC38-F593F28A509C}"
EndProject
Global
	GlobalSection(SolutionConfigurationPlatforms) = preSolution
		Debug|Any CPU = Debug|Any CPU
		Release|Any CPU = Release|Any CPU
	EndGlobalSection
	GlobalSection(ProjectConfigurationPlatforms) = postSolution
		{ED769A63-5BF3-493C-BC38-F593F28A509C}.Debug|Any CPU.ActiveCfg = Debug|Any CPU
		{ED769A63-5BF3-493C-BC38-F593F28A509C}.Debug|Any CPU.Build.0 = Debug|Any CPU
		{ED769A63-5BF3-493C-BC38-F593F28A509C}.Release|Any CPU.ActiveCfg = Release|Any CPU
		{ED769A63-5BF3-493C-BC38-F593F28A509C}.Release|Any CPU.Build.0 = Release|Any CPU
	EndGlobalSection
	GlobalSection(SolutionProperties) = preSolution
		HideSolutionNode = FALSE
	EndGlobalSection
	GlobalSection(ExtensibilityGlobals) = postSolution
		SolutionGuid = {2024F32F-3F35-418D-B114-B7D3D40AD234}
	EndGlobalSection
EndGlobal
